<?xml version="1.0" encoding="utf-8"?>
<Project ToolsVersion="4.0" xmlns="http://schemas.microsoft.com/developer/msbuild/2003">
  <ItemGroup>
    <Filter Include="Source Files">
      <UniqueIdentifier>{4FC737F1-C7A5-4376-A066-2A32D752A2FF}</UniqueIdentifier>
      <Extensions>cpp;c;cc;cxx;c++;def;odl;idl;hpj;bat;asm;asmx</Extensions>
    </Filter>
    <Filter Include="Header Files">
      <UniqueIdentifier>{93995380-89BD-4b04-88EB-625FBE52EBFB}</UniqueIdentifier>
      <Extensions>h;hh;hpp;hxx;h++;hm;inl;inc;ipp;xsd</Extensions>
    </Filter>
    <Filter Include="Resource Files">
      <UniqueIdentifier>{67DA6AB6-F800-4c08-8B7A-83BB121AAD01}</UniqueIdentifier>
      <Extensions>rc;ico;cur;bmp;dlg;rc2;rct;bin;rgs;gif;jpg;jpeg;jpe;resx;tiff;tif;png;wav;mfcribbon-ms</Extensions>
    </Filter>
    <Filter Include="Header Files\img">
      <UniqueIdentifier>{09229efb-aa4d-418a-a8ec-ec9e0910a746}</UniqueIdentifier>
    </Filter>
  </ItemGroup>
  <ItemGroup>
    <ClCompile Include="..\src\cApp.cpp">
      <Filter>Source Files</Filter>
    </ClCompile>
    <ClCompile Include="..\src\cMain.cpp">
      <Filter>Source Files</Filter>
    </ClCompile>
    <ClCompile Include="..\src\Assembler.cpp">
      <Filter>Source Files</Filter>
    </ClCompile>
    <ClCompile Include="..\src\CodeEditor.cpp">
      <Filter>Source Files</Filter>
    </ClCompile>
    <ClCompile Include="..\src\ObjectEditor.cpp">
      <Filter>Source Files</Filter>
    </ClCompile>
    <ClCompile Include="..\src\HexEditor.cpp">
      <Filter>Source Files</Filter>
    </ClCompile>
    <ClCompile Include="..\src\FileData.cpp">
      <Filter>Source Files</Filter>
    </ClCompile>
    <ClCompile Include="..\src\TilesetEditor.cpp">
      <Filter>Source Files</Filter>
    </ClCompile>
    <ClCompile Include="..\src\BitBarrel.cpp">
      <Filter>Source Files</Filter>
    </ClCompile>
    <ClCompile Include="..\src\BitBarrelWriter.cpp">
      <Filter>Source Files</Filter>
    </ClCompile>
    <ClCompile Include="..\src\Block.cpp">
      <Filter>Source Files</Filter>
    </ClCompile>
    <ClCompile Include="..\src\BlocksetCmp.cpp">
      <Filter>Source Files</Filter>
    </ClCompile>
    <ClCompile Include="..\src\EndCreditString.cpp">
      <Filter>Source Files</Filter>
    </ClCompile>
    <ClCompile Include="..\src\HuffmanString.cpp">
      <Filter>Source Files</Filter>
    </ClCompile>
    <ClCompile Include="..\src\HuffmanTree.cpp">
      <Filter>Source Files</Filter>
    </ClCompile>
    <ClCompile Include="..\src\HuffmanTrees.cpp">
      <Filter>Source Files</Filter>
    </ClCompile>
    <ClCompile Include="..\src\Image.cpp">
      <Filter>Source Files</Filter>
    </ClCompile>
    <ClCompile Include="..\src\IntroString.cpp">
      <Filter>Source Files</Filter>
    </ClCompile>
    <ClCompile Include="..\src\LSString.cpp">
      <Filter>Source Files</Filter>
    </ClCompile>
    <ClCompile Include="..\src\LZ77.cpp">
      <Filter>Source Files</Filter>
    </ClCompile>
    <ClCompile Include="..\src\Palette.cpp">
      <Filter>Source Files</Filter>
    </ClCompile>
    <ClCompile Include="..\src\Tile.cpp">
      <Filter>Source Files</Filter>
    </ClCompile>
    <ClCompile Include="..\src\TileAttributes.cpp">
      <Filter>Source Files</Filter>
    </ClCompile>
    <ClCompile Include="..\src\Tilemap2DRLE.cpp">
      <Filter>Source Files</Filter>
    </ClCompile>
    <ClCompile Include="..\src\Tilemap3DCmp.cpp">
      <Filter>Source Files</Filter>
    </ClCompile>
    <ClCompile Include="..\src\Utils.cpp">
      <Filter>Source Files</Filter>
    </ClCompile>
  </ItemGroup>
  <ItemGroup>
    <ClInclude Include="..\src\include\Assembler.h">
      <Filter>Header Files</Filter>
    </ClInclude>
    <ClInclude Include="..\src\include\BitBarrel.h">
      <Filter>Header Files</Filter>
    </ClInclude>
    <ClInclude Include="..\src\include\BitBarrelWriter.h">
      <Filter>Header Files</Filter>
    </ClInclude>
    <ClInclude Include="..\src\include\Block.h">
      <Filter>Header Files</Filter>
    </ClInclude>
    <ClInclude Include="..\src\include\BlocksetCmp.h">
      <Filter>Header Files</Filter>
    </ClInclude>
    <ClInclude Include="..\src\include\cApp.h">
      <Filter>Header Files</Filter>
    </ClInclude>
    <ClInclude Include="..\src\include\cMain.h">
      <Filter>Header Files</Filter>
    </ClInclude>
    <ClInclude Include="..\src\include\CodeEditor.h">
      <Filter>Header Files</Filter>
    </ClInclude>
    <ClInclude Include="..\src\include\EndCreditString.h">
      <Filter>Header Files</Filter>
    </ClInclude>
    <ClInclude Include="..\src\include\FileData.h">
      <Filter>Header Files</Filter>
    </ClInclude>
    <ClInclude Include="..\src\include\HexEditor.h">
      <Filter>Header Files</Filter>
    </ClInclude>
    <ClInclude Include="..\src\include\HuffmanString.h">
      <Filter>Header Files</Filter>
    </ClInclude>
    <ClInclude Include="..\src\include\HuffmanTree.h">
      <Filter>Header Files</Filter>
    </ClInclude>
    <ClInclude Include="..\src\include\HuffmanTrees.h">
      <Filter>Header Files</Filter>
    </ClInclude>
    <ClInclude Include="..\src\include\Image.h">
      <Filter>Header Files</Filter>
    </ClInclude>
    <ClInclude Include="..\src\include\IntroString.h">
      <Filter>Header Files</Filter>
    </ClInclude>
    <ClInclude Include="..\src\include\LSString.h">
      <Filter>Header Files</Filter>
    </ClInclude>
    <ClInclude Include="..\src\include\LZ77.h">
      <Filter>Header Files</Filter>
    </ClInclude>
    <ClInclude Include="..\src\include\ObjectEditor.h">
      <Filter>Header Files</Filter>
    </ClInclude>
    <ClInclude Include="..\src\include\ObjectEditorEvent.h">
      <Filter>Header Files</Filter>
    </ClInclude>
    <ClInclude Include="..\src\include\Palette.h">
      <Filter>Header Files</Filter>
    </ClInclude>
    <ClInclude Include="..\src\include\Tile.h">
      <Filter>Header Files</Filter>
    </ClInclude>
    <ClInclude Include="..\src\include\TileAttributes.h">
      <Filter>Header Files</Filter>
    </ClInclude>
    <ClInclude Include="..\src\include\Tilemap2DRLE.h">
      <Filter>Header Files</Filter>
    </ClInclude>
    <ClInclude Include="..\src\include\Tilemap3DCmp.h">
      <Filter>Header Files</Filter>
    </ClInclude>
    <ClInclude Include="..\src\include\Tileset.h">
      <Filter>Header Files</Filter>
    </ClInclude>
    <ClInclude Include="..\src\include\TilesetEditor.h">
      <Filter>Header Files</Filter>
    </ClInclude>
    <ClInclude Include="..\src\include\Utils.h">
      <Filter>Header Files</Filter>
    </ClInclude>
  </ItemGroup>
  <ItemGroup>
    <None Include="..\src\include\img\asm.xpm">
      <Filter>Header Files\img</Filter>
    </None>
    <None Include="..\src\include\img\bin.xpm">
      <Filter>Header Files\img</Filter>
    </None>
    <None Include="..\src\include\img\chest.xpm">
      <Filter>Header Files\img</Filter>
    </None>
    <None Include="..\src\include\img\dir.xpm">
      <Filter>Header Files\img</Filter>
    </None>
    <None Include="..\src\include\img\ts.xpm">
      <Filter>Header Files\img</Filter>
    </None>
    <None Include="..\src\include\img\unk.xpm">
      <Filter>Header Files\img</Filter>
    </None>
  </ItemGroup>
</Project>